
Microsoft Visual Studio Solution File, Format Version 12.00
# Visual Studio Version 17
VisualStudioVersion = 17.11.35219.272
MinimumVisualStudioVersion = 10.0.40219.1
Project("{9A19103F-16F7-4668-BE54-9A1E7A4F7556}") = "ApostolSolution", "ApostolSolution.csproj", "{F4AC2D05-DD01-4B57-AF4A-DBFE52F792AD}"
EndProject
Project("{00D1A9C2-B5F0-4AF3-8072-F6C62B433612}") = "ApostolCompany", "..\ApostolCompany\ApostolCompany.sqlproj", "{B5E7544E-54C8-4FF4-AA6F-F655E29CF3E2}"
EndProject
Project("{9A19103F-16F7-4668-BE54-9A1E7A4F7556}") = "ApostolClassLibrary", "..\ApostolClassLibrary\ApostolClassLibrary.csproj", "{19434F30-E31E-4186-B53A-8B6AC86234BF}"
EndProject
Global
	GlobalSection(SolutionConfigurationPlatforms) = preSolution
		Debug|Any CPU = Debug|Any CPU
		Release|Any CPU = Release|Any CPU
	EndGlobalSection
	GlobalSection(ProjectConfigurationPlatforms) = postSolution
		{F4AC2D05-DD01-4B57-AF4A-DBFE52F792AD}.Debug|Any CPU.ActiveCfg = Debug|Any CPU
		{F4AC2D05-DD01-4B57-AF4A-DBFE52F792AD}.Debug|Any CPU.Build.0 = Debug|Any CPU
		{F4AC2D05-DD01-4B57-AF4A-DBFE52F792AD}.Release|Any CPU.ActiveCfg = Release|Any CPU
		{F4AC2D05-DD01-4B57-AF4A-DBFE52F792AD}.Release|Any CPU.Build.0 = Release|Any CPU
		{B5E7544E-54C8-4FF4-AA6F-F655E29CF3E2}.Debug|Any CPU.ActiveCfg = Debug|Any CPU
		{B5E7544E-54C8-4FF4-AA6F-F655E29CF3E2}.Debug|Any CPU.Build.0 = Debug|Any CPU
		{B5E7544E-54C8-4FF4-AA6F-F655E29CF3E2}.Debug|Any CPU.Deploy.0 = Debug|Any CPU
		{B5E7544E-54C8-4FF4-AA6F-F655E29CF3E2}.Release|Any CPU.ActiveCfg = Release|Any CPU
		{B5E7544E-54C8-4FF4-AA6F-F655E29CF3E2}.Release|Any CPU.Build.0 = Release|Any CPU
		{B5E7544E-54C8-4FF4-AA6F-F655E29CF3E2}.Release|Any CPU.Deploy.0 = Release|Any CPU
		{19434F30-E31E-4186-B53A-8B6AC86234BF}.Debug|Any CPU.ActiveCfg = Debug|Any CPU
		{19434F30-E31E-4186-B53A-8B6AC86234BF}.Debug|Any CPU.Build.0 = Debug|Any CPU
		{19434F30-E31E-4186-B53A-8B6AC86234BF}.Release|Any CPU.ActiveCfg = Release|Any CPU
		{19434F30-E31E-4186-B53A-8B6AC86234BF}.Release|Any CPU.Build.0 = Release|Any CPU
	EndGlobalSection
	GlobalSection(SolutionProperties) = preSolution
		HideSolutionNode = FALSE
	EndGlobalSection
	GlobalSection(ExtensibilityGlobals) = postSolution
		SolutionGuid = {FD8D9B9C-D3D9-4DB1-818D-5F75498BAD3E}
	EndGlobalSection
EndGlobal
